
Microsoft Visual Studio Solution File, Format Version 12.00
# Visual Studio Version 17
VisualStudioVersion = 17.9.34622.214
MinimumVisualStudioVersion = 10.0.40219.1
Project("{FAE04EC0-301F-11D3-BF4B-00C04F79EFBC}") = "RecipeBookApp.Web", "RecipeBookApp.Web.csproj", "{FDB5CC9A-65EA-42F9-8ABF-0A4C7BD13343}"
EndProject
Project("{FAE04EC0-301F-11D3-BF4B-00C04F79EFBC}") = "RecipeBook.Core", "..\RecipeBook.Core\RecipeBook.Core.csproj", "{6E0C1B32-6254-4704-ACD0-48F187A8046B}"
EndProject
Project("{FAE04EC0-301F-11D3-BF4B-00C04F79EFBC}") = "RecipeBook.EF", "..\RecipeBook.EF\RecipeBook.EF.csproj", "{BBADE46F-2DF6-461D-A4FA-BA3749698A00}"
EndProject
Global
	GlobalSection(SolutionConfigurationPlatforms) = preSolution
		Debug|Any CPU = Debug|Any CPU
		Release|Any CPU = Release|Any CPU
	EndGlobalSection
	GlobalSection(ProjectConfigurationPlatforms) = postSolution
		{FDB5CC9A-65EA-42F9-8ABF-0A4C7BD13343}.Debug|Any CPU.ActiveCfg = Debug|Any CPU
		{FDB5CC9A-65EA-42F9-8ABF-0A4C7BD13343}.Debug|Any CPU.Build.0 = Debug|Any CPU
		{FDB5CC9A-65EA-42F9-8ABF-0A4C7BD13343}.Release|Any CPU.ActiveCfg = Release|Any CPU
		{FDB5CC9A-65EA-42F9-8ABF-0A4C7BD13343}.Release|Any CPU.Build.0 = Release|Any CPU
		{6E0C1B32-6254-4704-ACD0-48F187A8046B}.Debug|Any CPU.ActiveCfg = Debug|Any CPU
		{6E0C1B32-6254-4704-ACD0-48F187A8046B}.Debug|Any CPU.Build.0 = Debug|Any CPU
		{6E0C1B32-6254-4704-ACD0-48F187A8046B}.Release|Any CPU.ActiveCfg = Release|Any CPU
		{6E0C1B32-6254-4704-ACD0-48F187A8046B}.Release|Any CPU.Build.0 = Release|Any CPU
		{BBADE46F-2DF6-461D-A4FA-BA3749698A00}.Debug|Any CPU.ActiveCfg = Debug|Any CPU
		{BBADE46F-2DF6-461D-A4FA-BA3749698A00}.Debug|Any CPU.Build.0 = Debug|Any CPU
		{BBADE46F-2DF6-461D-A4FA-BA3749698A00}.Release|Any CPU.ActiveCfg = Release|Any CPU
		{BBADE46F-2DF6-461D-A4FA-BA3749698A00}.Release|Any CPU.Build.0 = Release|Any CPU
	EndGlobalSection
	GlobalSection(SolutionProperties) = preSolution
		HideSolutionNode = FALSE
	EndGlobalSection
	GlobalSection(ExtensibilityGlobals) = postSolution
		SolutionGuid = {1749C8AB-5CED-40ED-9319-4826ED33D7D6}
	EndGlobalSection
EndGlobal
